
Microsoft Visual Studio Solution File, Format Version 12.00
# Visual Studio Version 17
VisualStudioVersion = 17.14.35906.104
MinimumVisualStudioVersion = 10.0.40219.1
Project("{FAE04EC0-301F-11D3-BF4B-00C04F79EFBC}") = "SerialPortMonitorWPF", "SerialPortMonitorWPF.csproj", "{A87A5514-704C-4768-BB02-2CD0D3635E3D}"
EndProject
Global
	GlobalSection(SolutionConfigurationPlatforms) = preSolution
		Debug|Any CPU = Debug|Any CPU
		Release|Any CPU = Release|Any CPU
	EndGlobalSection
	GlobalSection(ProjectConfigurationPlatforms) = postSolution
		{A87A5514-704C-4768-BB02-2CD0D3635E3D}.Debug|Any CPU.ActiveCfg = Debug|Any CPU
		{A87A5514-704C-4768-BB02-2CD0D3635E3D}.Debug|Any CPU.Build.0 = Debug|Any CPU
		{A87A5514-704C-4768-BB02-2CD0D3635E3D}.Release|Any CPU.ActiveCfg = Release|Any CPU
		{A87A5514-704C-4768-BB02-2CD0D3635E3D}.Release|Any CPU.Build.0 = Release|Any CPU
	EndGlobalSection
	GlobalSection(SolutionProperties) = preSolution
		HideSolutionNode = FALSE
	EndGlobalSection
	GlobalSection(ExtensibilityGlobals) = postSolution
		SolutionGuid = {7B263213-56A6-4750-A2EF-A08E3DAE7B10}
	EndGlobalSection
EndGlobal
